
Microsoft Visual Studio Solution File, Format Version 12.00
# Visual Studio Version 17
VisualStudioVersion = 17.4.33213.308
MinimumVisualStudioVersion = 10.0.40219.1
Project("{FAE04EC0-301F-11D3-BF4B-00C04F79EFBC}") = "Potion", "Potion\Potion.csproj", "{235775B4-CBD6-4E67-AAFA-BE6054C7F096}"
EndProject
Global
	GlobalSection(SolutionConfigurationPlatforms) = preSolution
		Debug|Any CPU = Debug|Any CPU
		Release|Any CPU = Release|Any CPU
	EndGlobalSection
	GlobalSection(ProjectConfigurationPlatforms) = postSolution
		{235775B4-CBD6-4E67-AAFA-BE6054C7F096}.Debug|Any CPU.ActiveCfg = Debug|Any CPU
		{235775B4-CBD6-4E67-AAFA-BE6054C7F096}.Debug|Any CPU.Build.0 = Debug|Any CPU
		{235775B4-CBD6-4E67-AAFA-BE6054C7F096}.Release|Any CPU.ActiveCfg = Release|Any CPU
		{235775B4-CBD6-4E67-AAFA-BE6054C7F096}.Release|Any CPU.Build.0 = Release|Any CPU
	EndGlobalSection
	GlobalSection(SolutionProperties) = preSolution
		HideSolutionNode = FALSE
	EndGlobalSection
	GlobalSection(ExtensibilityGlobals) = postSolution
		SolutionGuid = {2A12AB6E-BFB2-449B-A8EA-B07D9908391D}
	EndGlobalSection
EndGlobal
